packages:
  - package: dbt-labs/dbt_utils
    version: 1.2.0
  - package: calogica/dbt_expectations
    version: 0.10.3
  - package: tnightengale/dbt_meta_testing
    version: 0.3.6
  - package: elementary-data/elementary
    version: 0.16.0
  - package: calogica/dbt_date
    version: 0.10.1
  - package: data-mie/dbt_profiler
    version: 0.8.2
  - package: dbt-labs/audit_helper
    version: 0.12.0
sha1_hash: 68d56d59897de97e07fef8011b53f4e10874bdef
