packages:
  - package: dbt-labs/dbt_utils
    version: 1.3.0
  - package: metaplane/dbt_expectations
    version: 0.10.9
  - package: tnightengale/dbt_meta_testing
    version: 0.3.6
  - package: elementary-data/elementary
    version: 0.19.1
  - package: godatadriven/dbt_date
    version: 0.14.2
  - package: data-mie/dbt_profiler
    version: 0.8.4
  - package: dbt-labs/audit_helper
    version: 0.12.1
  - package: bqbooster/dbt_bigquery_monitoring
    version: 0.20.4
sha1_hash: a4fb399d6c894144ba07079c4f8e4bcef151bd72
